
Microsoft Visual Studio Solution File, Format Version 12.00
# Visual Studio 14
VisualStudioVersion = 14.0.25420.1
MinimumVisualStudioVersion = 10.0.40219.1
Project("{8BC9CEB8-8B4A-11D0-8D11-00A0C91BC942}") = "calc", "calc\calc.vcxproj", "{E22A3C54-F11A-4186-82FD-276B85EB2BCB}"
EndProject
Global
	GlobalSection(SolutionConfigurationPlatforms) = preSolution
		Debug|x64 = Debug|x64
		Debug|x86 = Debug|x86
		Release|x64 = Release|x64
		Release|x86 = Release|x86
	EndGlobalSection
	GlobalSection(ProjectConfigurationPlatforms) = postSolution
		{E22A3C54-F11A-4186-82FD-276B85EB2BCB}.Debug|x64.ActiveCfg = Debug|x64
		{E22A3C54-F11A-4186-82FD-276B85EB2BCB}.Debug|x64.Build.0 = Debug|x64
		{E22A3C54-F11A-4186-82FD-276B85EB2BCB}.Debug|x86.ActiveCfg = Debug|Win32
		{E22A3C54-F11A-4186-82FD-276B85EB2BCB}.Debug|x86.Build.0 = Debug|Win32
		{E22A3C54-F11A-4186-82FD-276B85EB2BCB}.Release|x64.ActiveCfg = Release|x64
		{E22A3C54-F11A-4186-82FD-276B85EB2BCB}.Release|x64.Build.0 = Release|x64
		{E22A3C54-F11A-4186-82FD-276B85EB2BCB}.Release|x86.ActiveCfg = Release|Win32
		{E22A3C54-F11A-4186-82FD-276B85EB2BCB}.Release|x86.Build.0 = Release|Win32
	EndGlobalSection
	GlobalSection(SolutionProperties) = preSolution
		HideSolutionNode = FALSE
	EndGlobalSection
EndGlobal
